version = 1
revision = 3
requires-python = ">=3.12"

[[package]]
name = "cv-typist"
version = "0.1.0"
source = { virtual = "." }
dependencies = [
    { name = "pypst" },
    { name = "typst" },
]

[package.metadata]
requires-dist = [
    { name = "pypst", specifier = ">=0.7.0" },
    { name = "typst", specifier = ">=0.14.5" },
]

[[package]]
name = "frozendict"
version = "2.4.7"
source = { registry = "https://pypi.org/simple" }
sdist = { url = "https://files.pythonhosted.org/packages/90/b2/2a3d1374b7780999d3184e171e25439a8358c47b481f68be883c14086b4c/frozendict-2.4.7.tar.gz", hash = "sha256:e478fb2a1391a56c8a6e10cc97c4a9002b410ecd1ac28c18d780661762e271bd", size = 317082, upload-time = "2025-11-11T22:40:14.251Z" }
wheels = [
    { url = "https://files.pythonhosted.org/packages/38/74/f94141b38a51a553efef7f510fc213894161ae49b88bffd037f8d2a7cb2f/frozendict-2.4.7-py3-none-any.whl", hash = "sha256:972af65924ea25cf5b4d9326d549e69a9a4918d8a76a9d3a7cd174d98b237550", size = 16264, upload-time = "2025-11-11T22:40:12.836Z" },
]

[[package]]
name = "frozenlist"
version = "1.8.0"
source = { registry = "https://pypi.org/simple" }
sdist = { url = "https://files.pythonhosted.org/packages/2d/f5/c831fac6cc817d26fd54c7eaccd04ef7e0288806943f7cc5bbf69f3ac1f0/frozenlist-1.8.0.tar.gz", hash = "sha256:3ede829ed8d842f6cd48fc7081d7a41001a56f1f38603f9d49bf3020d59a31ad", size = 45875, upload-time = "2025-10-06T05:38:17.865Z" }
wheels = [
    { url = "https://files.pythonhosted.org/packages/69/29/948b9aa87e75820a38650af445d2ef2b6b8a6fab1a23b6bb9e4ef0be2d59/frozenlist-1.8.0-cp312-cp312-macosx_10_13_universal2.whl", hash = "sha256:78f7b9e5d6f2fdb88cdde9440dc147259b62b9d3b019924def9f6478be254ac1", size = 87782, upload-time = "2025-10-06T05:36:06.649Z" },
    { url = "https://files.pythonhosted.org/packages/64/80/4f6e318ee2a7c0750ed724fa33a4bdf1eacdc5a39a7a24e818a773cd91af/frozenlist-1.8.0-cp312-cp312-macosx_10_13_x86_64.whl", hash = "sha256:229bf37d2e4acdaf808fd3f06e854a4a7a3661e871b10dc1f8f1896a3b05f18b", size = 50594, upload-time = "2025-10-06T05:36:07.69Z" },
    { url = "https://files.pythonhosted.org/packages/2b/94/5c8a2b50a496b11dd519f4a24cb5496cf125681dd99e94c604ccdea9419a/frozenlist-1.8.0-cp312-cp312-macosx_11_0_arm64.whl", hash = "sha256:f833670942247a14eafbb675458b4e61c82e002a148f49e68257b79296e865c4", size = 50448, upload-time = "2025-10-06T05:36:08.78Z" },
    { url = "https://files.pythonhosted.org/packages/6a/bd/d91c5e39f490a49df14320f4e8c80161cfcce09f1e2cde1edd16a551abb3/frozenlist-1.8.0-cp312-cp312-manylinux1_x86_64.manylinux_2_28_x86_64.manylinux_2_5_x86_64.whl", hash = "sha256:494a5952b1c597ba44e0e78113a7266e656b9794eec897b19ead706bd7074383", size = 242411, upload-time = "2025-10-06T05:36:09.801Z" },
    { url = "https://files.pythonhosted.org/packages/8f/83/f61505a05109ef3293dfb1ff594d13d64a2324ac3482be2cedc2be818256/frozenlist-1.8.0-cp312-cp312-manylinux2014_aarch64.manylinux_2_17_aarch64.manylinux_2_28_aarch64.whl", hash = "sha256:96f423a119f4777a4a056b66ce11527366a8bb92f54e541ade21f2374433f6d4", size = 243014, upload-time = "2025-10-06T05:36:11.394Z" },
    { url = "https://files.pythonhosted.org/packages/d8/cb/cb6c7b0f7d4023ddda30cf56b8b17494eb3a79e3fda666bf735f63118b35/frozenlist-1.8.0-cp312-cp312-manylinux2014_armv7l.manylinux_2_17_armv7l.manylinux_2_31_armv7l.whl", hash = "sha256:3462dd9475af2025c31cc61be6652dfa25cbfb56cbbf52f4ccfe029f38decaf8", size = 234909, upload-time = "2025-10-06T05:36:12.598Z" },
    { url = "https://files.pythonhosted.org/packages/31/c5/cd7a1f3b8b34af009fb17d4123c5a778b44ae2804e3ad6b86204255f9ec5/frozenlist-1.8.0-cp312-cp312-manylinux2014_ppc64le.manylinux_2_17_ppc64le.manylinux_2_28_ppc64le.whl", hash = "sha256:c4c800524c9cd9bac5166cd6f55285957fcfc907db323e193f2afcd4d9abd69b", size = 250049, upload-time = "2025-10-06T05:36:14.065Z" },
    { url = "https://files.pythonhosted.org/packages/c0/01/2f95d3b416c584a1e7f0e1d6d31998c4a795f7544069ee2e0962a4b60740/frozenlist-1.8.0-cp312-cp312-manylinux2014_s390x.manylinux_2_17_s390x.manylinux_2_28_s390x.whl", hash = "sha256:d6a5df73acd3399d893dafc71663ad22534b5aa4f94e8a2fabfe856c3c1b6a52", size = 256485, upload-time = "2025-10-06T05:36:15.39Z" },
    { url = "https://files.pythonhosted.org/packages/ce/03/024bf7720b3abaebcff6d0793d73c154237b85bdf67b7ed55e5e9596dc9a/frozenlist-1.8.0-cp312-cp312-musllinux_1_2_aarch64.whl", hash = "sha256:405e8fe955c2280ce66428b3ca55e12b3c4e9c336fb2103a4937e891c69a4a29", size = 237619, upload-time = "2025-10-06T05:36:16.558Z" },
    { url = "https://files.pythonhosted.org/packages/69/fa/f8abdfe7d76b731f5d8bd217827cf6764d4f1d9763407e42717b4bed50a0/frozenlist-1.8.0-cp312-cp312-musllinux_1_2_armv7l.whl", hash = "sha256:908bd3f6439f2fef9e85031b59fd4f1297af54415fb60e4254a95f75b3cab3f3", size = 250320, upload-time = "2025-10-06T05:36:17.821Z" },
    { url = "https://files.pythonhosted.org/packages/f5/3c/b051329f718b463b22613e269ad72138cc256c540f78a6de89452803a47d/frozenlist-1.8.0-cp312-cp312-musllinux_1_2_ppc64le.whl", hash = "sha256:294e487f9ec720bd8ffcebc99d575f7eff3568a08a253d1ee1a0378754b74143", size = 246820, upload-time = "2025-10-06T05:36:19.046Z" },
    { url = "https://files.pythonhosted.org/packages/0f/ae/58282e8f98e444b3f4dd42448ff36fa38bef29e40d40f330b22e7108f565/frozenlist-1.8.0-cp312-cp312-musllinux_1_2_s390x.whl", hash = "sha256:74c51543498289c0c43656701be6b077f4b265868fa7f8a8859c197006efb608", size = 250518, upload-time = "2025-10-06T05:36:20.763Z" },
    { url = "https://files.pythonhosted.org/packages/8f/96/007e5944694d66123183845a106547a15944fbbb7154788cbf7272789536/frozenlist-1.8.0-cp312-cp312-musllinux_1_2_x86_64.whl", hash = "sha256:776f352e8329135506a1d6bf16ac3f87bc25b28e765949282dcc627af36123aa", size = 239096, upload-time = "2025-10-06T05:36:22.129Z" },
    { url = "https://files.pythonhosted.org/packages/66/bb/852b9d6db2fa40be96f29c0d1205c306288f0684df8fd26ca1951d461a56/frozenlist-1.8.0-cp312-cp312-win32.whl", hash = "sha256:433403ae80709741ce34038da08511d4a77062aa924baf411ef73d1146e74faf", size = 39985, upload-time = "2025-10-06T05:36:23.661Z" },
    { url = "https://files.pythonhosted.org/packages/b8/af/38e51a553dd66eb064cdf193841f16f077585d4d28394c2fa6235cb41765/frozenlist-1.8.0-cp312-cp312-win_amd64.whl", hash = "sha256:34187385b08f866104f0c0617404c8eb08165ab1272e884abc89c112e9c00746", size = 44591, upload-time = "2025-10-06T05:36:24.958Z" },
    { url = "https://files.pythonhosted.org/packages/a7/06/1dc65480ab147339fecc70797e9c2f69d9cea9cf38934ce08df070fdb9cb/frozenlist-1.8.0-cp312-cp312-win_arm64.whl", hash = "sha256:fe3c58d2f5db5fbd18c2987cba06d51b0529f52bc3a6cdc33d3f4eab725104bd", size = 40102, upload-time = "2025-10-06T05:36:26.333Z" },
    { url = "https://files.pythonhosted.org/packages/2d/40/0832c31a37d60f60ed79e9dfb5a92e1e2af4f40a16a29abcc7992af9edff/frozenlist-1.8.0-cp313-cp313-macosx_10_13_universal2.whl", hash = "sha256:8d92f1a84bb12d9e56f818b3a746f3efba93c1b63c8387a73dde655e1e42282a", size = 85717, upload-time = "2025-10-06T05:36:27.341Z" },
    { url = "https://files.pythonhosted.org/packages/30/ba/b0b3de23f40bc55a7057bd38434e25c34fa48e17f20ee273bbde5e0650f3/frozenlist-1.8.0-cp313-cp313-macosx_10_13_x86_64.whl", hash = "sha256:96153e77a591c8adc2ee805756c61f59fef4cf4073a9275ee86fe8cba41241f7", size = 49651, upload-time = "2025-10-06T05:36:28.855Z" },
    { url = "https://files.pythonhosted.org/packages/0c/ab/6e5080ee374f875296c4243c381bbdef97a9ac39c6e3ce1d5f7d42cb78d6/frozenlist-1.8.0-cp313-cp313-macosx_11_0_arm64.whl", hash = "sha256:f21f00a91358803399890ab167098c131ec2ddd5f8f5fd5fe9c9f2c6fcd91e40", size = 49417, upload-time = "2025-10-06T05:36:29.877Z" },
    { url = "https://files.pythonhosted.org/packages/d5/4e/e4691508f9477ce67da2015d8c00acd751e6287739123113a9fca6f1604e/frozenlist-1.8.0-cp313-cp313-manylinux1_x86_64.manylinux_2_28_x86_64.manylinux_2_5_x86_64.whl", hash = "sha256:fb30f9626572a76dfe4293c7194a09fb1fe93ba94c7d4f720dfae3b646b45027", size = 234391, upload-time = "2025-10-06T05:36:31.301Z" },
    { url = "https://files.pythonhosted.org/packages/40/76/c202df58e3acdf12969a7895fd6f3bc016c642e6726aa63bd3025e0fc71c/frozenlist-1.8.0-cp313-cp313-manylinux2014_aarch64.manylinux_2_17_aarch64.manylinux_2_28_aarch64.whl", hash = "sha256:eaa352d7047a31d87dafcacbabe89df0aa506abb5b1b85a2fb91bc3faa02d822", size = 233048, upload-time = "2025-10-06T05:36:32.531Z" },
    { url = "https://files.pythonhosted.org/packages/f9/c0/8746afb90f17b73ca5979c7a3958116e105ff796e718575175319b5bb4ce/frozenlist-1.8.0-cp313-cp313-manylinux2014_armv7l.manylinux_2_17_armv7l.manylinux_2_31_armv7l.whl", hash = "sha256:03ae967b4e297f58f8c774c7eabcce57fe3c2434817d4385c50661845a058121", size = 226549, upload-time = "2025-10-06T05:36:33.706Z" },
    { url = "https://files.pythonhosted.org/packages/7e/eb/4c7eefc718ff72f9b6c4893291abaae5fbc0c82226a32dcd8ef4f7a5dbef/frozenlist-1.8.0-cp313-cp313-manylinux2014_ppc64le.manylinux_2_17_ppc64le.manylinux_2_28_ppc64le.whl", hash = "sha256:f6292f1de555ffcc675941d65fffffb0a5bcd992905015f85d0592201793e0e5", size = 239833, upload-time = "2025-10-06T05:36:34.947Z" },
    { url = "https://files.pythonhosted.org/packages/c2/4e/e5c02187cf704224f8b21bee886f3d713ca379535f16893233b9d672ea71/frozenlist-1.8.0-cp313-cp313-manylinux2014_s390x.manylinux_2_17_s390x.manylinux_2_28_s390x.whl", hash = "sha256:29548f9b5b5e3460ce7378144c3010363d8035cea44bc0bf02d57f5a685e084e", size = 245363, upload-time = "2025-10-06T05:36:36.534Z" },
    { url = "https://files.pythonhosted.org/packages/1f/96/cb85ec608464472e82ad37a17f844889c36100eed57bea094518bf270692/frozenlist-1.8.0-cp313-cp313-musllinux_1_2_aarch64.whl", hash = "sha256:ec3cc8c5d4084591b4237c0a272cc4f50a5b03396a47d9caaf76f5d7b38a4f11", size = 229314, upload-time = "2025-10-06T05:36:38.582Z" },
    { url = "https://files.pythonhosted.org/packages/5d/6f/4ae69c550e4cee66b57887daeebe006fe985917c01d0fff9caab9883f6d0/frozenlist-1.8.0-cp313-cp313-musllinux_1_2_armv7l.whl", hash = "sha256:517279f58009d0b1f2e7c1b130b377a349405da3f7621ed6bfae50b10adf20c1", size = 243365, upload-time = "2025-10-06T05:36:40.152Z" },
    { url = "https://files.pythonhosted.org/packages/7a/58/afd56de246cf11780a40a2c28dc7cbabbf06337cc8ddb1c780a2d97e88d8/frozenlist-1.8.0-cp313-cp313-musllinux_1_2_ppc64le.whl", hash = "sha256:db1e72ede2d0d7ccb213f218df6a078a9c09a7de257c2fe8fcef16d5925230b1", size = 237763, upload-time = "2025-10-06T05:36:41.355Z" },
    { url = "https://files.pythonhosted.org/packages/cb/36/cdfaf6ed42e2644740d4a10452d8e97fa1c062e2a8006e4b09f1b5fd7d63/frozenlist-1.8.0-cp313-cp313-musllinux_1_2_s390x.whl", hash = "sha256:b4dec9482a65c54a5044486847b8a66bf10c9cb4926d42927ec4e8fd5db7fed8", size = 240110, upload-time = "2025-10-06T05:36:42.716Z" },
    { url = "https://files.pythonhosted.org/packages/03/a8/9ea226fbefad669f11b52e864c55f0bd57d3c8d7eb07e9f2e9a0b39502e1/frozenlist-1.8.0-cp313-cp313-musllinux_1_2_x86_64.whl", hash = "sha256:21900c48ae04d13d416f0e1e0c4d81f7931f73a9dfa0b7a8746fb2fe7dd970ed", size = 233717, upload-time = "2025-10-06T05:36:44.251Z" },
    { url = "https://files.pythonhosted.org/packages/1e/0b/1b5531611e83ba7d13ccc9988967ea1b51186af64c42b7a7af465dcc9568/frozenlist-1.8.0-cp313-cp313-win32.whl", hash = "sha256:8b7b94a067d1c504ee0b16def57ad5738701e4ba10cec90529f13fa03c833496", size = 39628, upload-time = "2025-10-06T05:36:45.423Z" },
    { url = "https://files.pythonhosted.org/packages/d8/cf/174c91dbc9cc49bc7b7aab74d8b734e974d1faa8f191c74af9b7e80848e6/frozenlist-1.8.0-cp313-cp313-win_amd64.whl", hash = "sha256:878be833caa6a3821caf85eb39c5ba92d28e85df26d57afb06b35b2efd937231", size = 43882, upload-time = "2025-10-06T05:36:46.796Z" },
    { url = "https://files.pythonhosted.org/packages/c1/17/502cd212cbfa96eb1388614fe39a3fc9ab87dbbe042b66f97acb57474834/frozenlist-1.8.0-cp313-cp313-win_arm64.whl", hash = "sha256:44389d135b3ff43ba8cc89ff7f51f5a0bb6b63d829c8300f79a2fe4fe61bcc62", size = 39676, upload-time = "2025-10-06T05:36:47.8Z" },
    { url = "https://files.pythonhosted.org/packages/d2/5c/3bbfaa920dfab09e76946a5d2833a7cbdf7b9b4a91c714666ac4855b88b4/frozenlist-1.8.0-cp313-cp313t-macosx_10_13_universal2.whl", hash = "sha256:e25ac20a2ef37e91c1b39938b591457666a0fa835c7783c3a8f33ea42870db94", size = 89235, upload-time = "2025-10-06T05:36:48.78Z" },
    { url = "https://files.pythonhosted.org/packages/d2/d6/f03961ef72166cec1687e84e8925838442b615bd0b8854b54923ce5b7b8a/frozenlist-1.8.0-cp313-cp313t-macosx_10_13_x86_64.whl", hash = "sha256:07cdca25a91a4386d2e76ad992916a85038a9b97561bf7a3fd12d5d9ce31870c", size = 50742, upload-time = "2025-10-06T05:36:49.837Z" },
    { url = "https://files.pythonhosted.org/packages/1e/bb/a6d12b7ba4c3337667d0e421f7181c82dda448ce4e7ad7ecd249a16fa806/frozenlist-1.8.0-cp313-cp313t-macosx_11_0_arm64.whl", hash = "sha256:4e0c11f2cc6717e0a741f84a527c52616140741cd812a50422f83dc31749fb52", size = 51725, upload-time = "2025-10-06T05:36:50.851Z" },
    { url = "https://files.pythonhosted.org/packages/bc/71/d1fed0ffe2c2ccd70b43714c6cab0f4188f09f8a67a7914a6b46ee30f274/frozenlist-1.8.0-cp313-cp313t-manylinux1_x86_64.manylinux_2_28_x86_64.manylinux_2_5_x86_64.whl", hash = "sha256:b3210649ee28062ea6099cfda39e147fa1bc039583c8ee4481cb7811e2448c51", size = 284533, upload-time = "2025-10-06T05:36:51.898Z" },
    { url = "https://files.pythonhosted.org/packages/c9/1f/fb1685a7b009d89f9bf78a42d94461bc06581f6e718c39344754a5d9bada/frozenlist-1.8.0-cp313-cp313t-manylinux2014_aarch64.manylinux_2_17_aarch64.manylinux_2_28_aarch64.whl", hash = "sha256:581ef5194c48035a7de2aefc72ac6539823bb71508189e5de01d60c9dcd5fa65", size = 292506, upload-time = "2025-10-06T05:36:53.101Z" },
    { url = "https://files.pythonhosted.org/packages/e6/3b/b991fe1612703f7e0d05c0cf734c1b77aaf7c7d321df4572e8d36e7048c8/frozenlist-1.8.0-cp313-cp313t-manylinux2014_armv7l.manylinux_2_17_armv7l.manylinux_2_31_armv7l.whl", hash = "sha256:3ef2d026f16a2b1866e1d86fc4e1291e1ed8a387b2c333809419a2f8b3a77b82", size = 274161, upload-time = "2025-10-06T05:36:54.309Z" },
    { url = "https://files.pythonhosted.org/packages/ca/ec/c5c618767bcdf66e88945ec0157d7f6c4a1322f1473392319b7a2501ded7/frozenlist-1.8.0-cp313-cp313t-manylinux2014_ppc64le.manylinux_2_17_ppc64le.manylinux_2_28_ppc64le.whl", hash = "sha256:5500ef82073f599ac84d888e3a8c1f77ac831183244bfd7f11eaa0289fb30714", size = 294676, upload-time = "2025-10-06T05:36:55.566Z" },
    { url = "https://files.pythonhosted.org/packages/7c/ce/3934758637d8f8a88d11f0585d6495ef54b2044ed6ec84492a91fa3b27aa/frozenlist-1.8.0-cp313-cp313t-manylinux2014_s390x.manylinux_2_17_s390x.manylinux_2_28_s390x.whl", hash = "sha256:50066c3997d0091c411a66e710f4e11752251e6d2d73d70d8d5d4c76442a199d", size = 300638, upload-time = "2025-10-06T05:36:56.758Z" },
    { url = "https://files.pythonhosted.org/packages/fc/4f/a7e4d0d467298f42de4b41cbc7ddaf19d3cfeabaf9ff97c20c6c7ee409f9/frozenlist-1.8.0-cp313-cp313t-musllinux_1_2_aarch64.whl", hash = "sha256:5c1c8e78426e59b3f8005e9b19f6ff46e5845895adbde20ece9218319eca6506", size = 283067, upload-time = "2025-10-06T05:36:57.965Z" },
    { url = "https://files.pythonhosted.org/packages/dc/48/c7b163063d55a83772b268e6d1affb960771b0e203b632cfe09522d67ea5/frozenlist-1.8.0-cp313-cp313t-musllinux_1_2_armv7l.whl", hash = "sha256:eefdba20de0d938cec6a89bd4d70f346a03108a19b9df4248d3cf0d88f1b0f51", size = 292101, upload-time = "2025-10-06T05:36:59.237Z" },
    { url = "https://files.pythonhosted.org/packages/9f/d0/2366d3c4ecdc2fd391e0afa6e11500bfba0ea772764d631bbf82f0136c9d/frozenlist-1.8.0-cp313-cp313t-musllinux_1_2_ppc64le.whl", hash = "sha256:cf253e0e1c3ceb4aaff6df637ce033ff6535fb8c70a764a8f46aafd3d6ab798e", size = 289901, upload-time = "2025-10-06T05:37:00.811Z" },
    { url = "https://files.pythonhosted.org/packages/b8/94/daff920e82c1b70e3618a2ac39fbc01ae3e2ff6124e80739ce5d71c9b920/frozenlist-1.8.0-cp313-cp313t-musllinux_1_2_s390x.whl", hash = "sha256:032efa2674356903cd0261c4317a561a6850f3ac864a63fc1583147fb05a79b0", size = 289395, upload-time = "2025-10-06T05:37:02.115Z" },
    { url = "https://files.pythonhosted.org/packages/e3/20/bba307ab4235a09fdcd3cc5508dbabd17c4634a1af4b96e0f69bfe551ebd/frozenlist-1.8.0-cp313-cp313t-musllinux_1_2_x86_64.whl", hash = "sha256:6da155091429aeba16851ecb10a9104a108bcd32f6c1642867eadaee401c1c41", size = 283659, upload-time = "2025-10-06T05:37:03.711Z" },
    { url = "https://files.pythonhosted.org/packages/fd/00/04ca1c3a7a124b6de4f8a9a17cc2fcad138b4608e7a3fc5877804b8715d7/frozenlist-1.8.0-cp313-cp313t-win32.whl", hash = "sha256:0f96534f8bfebc1a394209427d0f8a63d343c9779cda6fc25e8e121b5fd8555b", size = 43492, upload-time = "2025-10-06T05:37:04.915Z" },
    { url = "https://files.pythonhosted.org/packages/59/5e/c69f733a86a94ab10f68e496dc6b7e8bc078ebb415281d5698313e3af3a1/frozenlist-1.8.0-cp313-cp313t-win_amd64.whl", hash = "sha256:5d63a068f978fc69421fb0e6eb91a9603187527c86b7cd3f534a5b77a592b888", size = 48034, upload-time = "2025-10-06T05:37:06.343Z" },
    { url = "https://files.pythonhosted.org/packages/16/6c/be9d79775d8abe79b05fa6d23da99ad6e7763a1d080fbae7290b286093fd/frozenlist-1.8.0-cp313-cp313t-win_arm64.whl", hash = "sha256:bf0a7e10b077bf5fb9380ad3ae8ce20ef919a6ad93b4552896419ac7e1d8e042", size = 41749, upload-time = "2025-10-06T05:37:07.431Z" },
    { url = "https://files.pythonhosted.org/packages/f1/c8/85da824b7e7b9b6e7f7705b2ecaf9591ba6f79c1177f324c2735e41d36a2/frozenlist-1.8.0-cp314-cp314-macosx_10_13_universal2.whl", hash = "sha256:cee686f1f4cadeb2136007ddedd0aaf928ab95216e7691c63e50a8ec066336d0", size = 86127, upload-time = "2025-10-06T05:37:08.438Z" },
    { url = "https://files.pythonhosted.org/packages/8e/e8/a1185e236ec66c20afd72399522f142c3724c785789255202d27ae992818/frozenlist-1.8.0-cp314-cp314-macosx_10_13_x86_64.whl", hash = "sha256:119fb2a1bd47307e899c2fac7f28e85b9a543864df47aa7ec9d3c1b4545f096f", size = 49698, upload-time = "2025-10-06T05:37:09.48Z" },
    { url = "https://files.pythonhosted.org/packages/a1/93/72b1736d68f03fda5fdf0f2180fb6caaae3894f1b854d006ac61ecc727ee/frozenlist-1.8.0-cp314-cp314-macosx_11_0_arm64.whl", hash = "sha256:4970ece02dbc8c3a92fcc5228e36a3e933a01a999f7094ff7c23fbd2beeaa67c", size = 49749, upload-time = "2025-10-06T05:37:10.569Z" },
    { url = "https://files.pythonhosted.org/packages/a7/b2/fabede9fafd976b991e9f1b9c8c873ed86f202889b864756f240ce6dd855/frozenlist-1.8.0-cp314-cp314-manylinux1_x86_64.manylinux_2_28_x86_64.manylinux_2_5_x86_64.whl", hash = "sha256:cba69cb73723c3f329622e34bdbf5ce1f80c21c290ff04256cff1cd3c2036ed2", size = 231298, upload-time = "2025-10-06T05:37:11.993Z" },
    { url = "https://files.pythonhosted.org/packages/3a/3b/d9b1e0b0eed36e70477ffb8360c49c85c8ca8ef9700a4e6711f39a6e8b45/frozenlist-1.8.0-cp314-cp314-manylinux2014_aarch64.manylinux_2_17_aarch64.manylinux_2_28_aarch64.whl", hash = "sha256:778a11b15673f6f1df23d9586f83c4846c471a8af693a22e066508b77d201ec8", size = 232015, upload-time = "2025-10-06T05:37:13.194Z" },
    { url = "https://files.pythonhosted.org/packages/dc/94/be719d2766c1138148564a3960fc2c06eb688da592bdc25adcf856101be7/frozenlist-1.8.0-cp314-cp314-manylinux2014_armv7l.manylinux_2_17_armv7l.manylinux_2_31_armv7l.whl", hash = "sha256:0325024fe97f94c41c08872db482cf8ac4800d80e79222c6b0b7b162d5b13686", size = 225038, upload-time = "2025-10-06T05:37:14.577Z" },
    { url = "https://files.pythonhosted.org/packages/e4/09/6712b6c5465f083f52f50cf74167b92d4ea2f50e46a9eea0523d658454ae/frozenlist-1.8.0-cp314-cp314-manylinux2014_ppc64le.manylinux_2_17_ppc64le.manylinux_2_28_ppc64le.whl", hash = "sha256:97260ff46b207a82a7567b581ab4190bd4dfa09f4db8a8b49d1a958f6aa4940e", size = 240130, upload-time = "2025-10-06T05:37:15.781Z" },
    { url = "https://files.pythonhosted.org/packages/f8/d4/cd065cdcf21550b54f3ce6a22e143ac9e4836ca42a0de1022da8498eac89/frozenlist-1.8.0-cp314-cp314-manylinux2014_s390x.manylinux_2_17_s390x.manylinux_2_28_s390x.whl", hash = "sha256:54b2077180eb7f83dd52c40b2750d0a9f175e06a42e3213ce047219de902717a", size = 242845, upload-time = "2025-10-06T05:37:17.037Z" },
    { url = "https://files.pythonhosted.org/packages/62/c3/f57a5c8c70cd1ead3d5d5f776f89d33110b1addae0ab010ad774d9a44fb9/frozenlist-1.8.0-cp314-cp314-musllinux_1_2_aarch64.whl", hash = "sha256:2f05983daecab868a31e1da44462873306d3cbfd76d1f0b5b69c473d21dbb128", size = 229131, upload-time = "2025-10-06T05:37:18.221Z" },
    { url = "https://files.pythonhosted.org/packages/6c/52/232476fe9cb64f0742f3fde2b7d26c1dac18b6d62071c74d4ded55e0ef94/frozenlist-1.8.0-cp314-cp314-musllinux_1_2_armv7l.whl", hash = "sha256:33f48f51a446114bc5d251fb2954ab0164d5be02ad3382abcbfe07e2531d650f", size = 240542, upload-time = "2025-10-06T05:37:19.771Z" },
    { url = "https://files.pythonhosted.org/packages/5f/85/07bf3f5d0fb5414aee5f47d33c6f5c77bfe49aac680bfece33d4fdf6a246/frozenlist-1.8.0-cp314-cp314-musllinux_1_2_ppc64le.whl", hash = "sha256:154e55ec0655291b5dd1b8731c637ecdb50975a2ae70c606d100750a540082f7", size = 237308, upload-time = "2025-10-06T05:37:20.969Z" },
    { url = "https://files.pythonhosted.org/packages/11/99/ae3a33d5befd41ac0ca2cc7fd3aa707c9c324de2e89db0e0f45db9a64c26/frozenlist-1.8.0-cp314-cp314-musllinux_1_2_s390x.whl", hash = "sha256:4314debad13beb564b708b4a496020e5306c7333fa9a3ab90374169a20ffab30", size = 238210, upload-time = "2025-10-06T05:37:22.252Z" },
    { url = "https://files.pythonhosted.org/packages/b2/60/b1d2da22f4970e7a155f0adde9b1435712ece01b3cd45ba63702aea33938/frozenlist-1.8.0-cp314-cp314-musllinux_1_2_x86_64.whl", hash = "sha256:073f8bf8becba60aa931eb3bc420b217bb7d5b8f4750e6f8b3be7f3da85d38b7", size = 231972, upload-time = "2025-10-06T05:37:23.5Z" },
    { url = "https://files.pythonhosted.org/packages/3f/ab/945b2f32de889993b9c9133216c068b7fcf257d8595a0ac420ac8677cab0/frozenlist-1.8.0-cp314-cp314-win32.whl", hash = "sha256:bac9c42ba2ac65ddc115d930c78d24ab8d4f465fd3fc473cdedfccadb9429806", size = 40536, upload-time = "2025-10-06T05:37:25.581Z" },
    { url = "https://files.pythonhosted.org/packages/59/ad/9caa9b9c836d9ad6f067157a531ac48b7d36499f5036d4141ce78c230b1b/frozenlist-1.8.0-cp314-cp314-win_amd64.whl", hash = "sha256:3e0761f4d1a44f1d1a47996511752cf3dcec5bbdd9cc2b4fe595caf97754b7a0", size = 44330, upload-time = "2025-10-06T05:37:26.928Z" },
    { url = "https://files.pythonhosted.org/packages/82/13/e6950121764f2676f43534c555249f57030150260aee9dcf7d64efda11dd/frozenlist-1.8.0-cp314-cp314-win_arm64.whl", hash = "sha256:d1eaff1d00c7751b7c6662e9c5ba6eb2c17a2306ba5e2a37f24ddf3cc953402b", size = 40627, upload-time = "2025-10-06T05:37:28.075Z" },
    { url = "https://files.pythonhosted.org/packages/c0/c7/43200656ecc4e02d3f8bc248df68256cd9572b3f0017f0a0c4e93440ae23/frozenlist-1.8.0-cp314-cp314t-macosx_10_13_universal2.whl", hash = "sha256:d3bb933317c52d7ea5004a1c442eef86f426886fba134ef8cf4226ea6ee1821d", size = 89238, upload-time = "2025-10-06T05:37:29.373Z" },
    { url = "https://files.pythonhosted.org/packages/d1/29/55c5f0689b9c0fb765055629f472c0de484dcaf0acee2f7707266ae3583c/frozenlist-1.8.0-cp314-cp314t-macosx_10_13_x86_64.whl", hash = "sha256:8009897cdef112072f93a0efdce29cd819e717fd2f649ee3016efd3cd885a7ed", size = 50738, upload-time = "2025-10-06T05:37:30.792Z" },
    { url = "https://files.pythonhosted.org/packages/ba/7d/b7282a445956506fa11da8c2db7d276adcbf2b17d8bb8407a47685263f90/frozenlist-1.8.0-cp314-cp314t-macosx_11_0_arm64.whl", hash = "sha256:2c5dcbbc55383e5883246d11fd179782a9d07a986c40f49abe89ddf865913930", size = 51739, upload-time = "2025-10-06T05:37:32.127Z" },
    { url = "https://files.pythonhosted.org/packages/62/1c/3d8622e60d0b767a5510d1d3cf21065b9db874696a51ea6d7a43180a259c/frozenlist-1.8.0-cp314-cp314t-manylinux1_x86_64.manylinux_2_28_x86_64.manylinux_2_5_x86_64.whl", hash = "sha256:39ecbc32f1390387d2aa4f5a995e465e9e2f79ba3adcac92d68e3e0afae6657c", size = 284186, upload-time = "2025-10-06T05:37:33.21Z" },
    { url = "https://files.pythonhosted.org/packages/2d/14/aa36d5f85a89679a85a1d44cd7a6657e0b1c75f61e7cad987b203d2daca8/frozenlist-1.8.0-cp314-cp314t-manylinux2014_aarch64.manylinux_2_17_aarch64.manylinux_2_28_aarch64.whl", hash = "sha256:92db2bf818d5cc8d9c1f1fc56b897662e24ea5adb36ad1f1d82875bd64e03c24", size = 292196, upload-time = "2025-10-06T05:37:36.107Z" },
    { url = "https://files.pythonhosted.org/packages/05/23/6bde59eb55abd407d34f77d39a5126fb7b4f109a3f611d3929f14b700c66/frozenlist-1.8.0-cp314-cp314t-manylinux2014_armv7l.manylinux_2_17_armv7l.manylinux_2_31_armv7l.whl", hash = "sha256:2dc43a022e555de94c3b68a4ef0b11c4f747d12c024a520c7101709a2144fb37", size = 273830, upload-time = "2025-10-06T05:37:37.663Z" },
    { url = "https://files.pythonhosted.org/packages/d2/3f/22cff331bfad7a8afa616289000ba793347fcd7bc275f3b28ecea2a27909/frozenlist-1.8.0-cp314-cp314t-manylinux2014_ppc64le.manylinux_2_17_ppc64le.manylinux_2_28_ppc64le.whl", hash = "sha256:cb89a7f2de3602cfed448095bab3f178399646ab7c61454315089787df07733a", size = 294289, upload-time = "2025-10-06T05:37:39.261Z" },
    { url = "https://files.pythonhosted.org/packages/a4/89/5b057c799de4838b6c69aa82b79705f2027615e01be996d2486a69ca99c4/frozenlist-1.8.0-cp314-cp314t-manylinux2014_s390x.manylinux_2_17_s390x.manylinux_2_28_s390x.whl", hash = "sha256:33139dc858c580ea50e7e60a1b0ea003efa1fd42e6ec7fdbad78fff65fad2fd2", size = 300318, upload-time = "2025-10-06T05:37:43.213Z" },
    { url = "https://files.pythonhosted.org/packages/30/de/2c22ab3eb2a8af6d69dc799e48455813bab3690c760de58e1bf43b36da3e/frozenlist-1.8.0-cp314-cp314t-musllinux_1_2_aarch64.whl", hash = "sha256:168c0969a329b416119507ba30b9ea13688fafffac1b7822802537569a1cb0ef", size = 282814, upload-time = "2025-10-06T05:37:45.337Z" },
    { url = "https://files.pythonhosted.org/packages/59/f7/970141a6a8dbd7f556d94977858cfb36fa9b66e0892c6dd780d2219d8cd8/frozenlist-1.8.0-cp314-cp314t-musllinux_1_2_armv7l.whl", hash = "sha256:28bd570e8e189d7f7b001966435f9dac6718324b5be2990ac496cf1ea9ddb7fe", size = 291762, upload-time = "2025-10-06T05:37:46.657Z" },
    { url = "https://files.pythonhosted.org/packages/c1/15/ca1adae83a719f82df9116d66f5bb28bb95557b3951903d39135620ef157/frozenlist-1.8.0-cp314-cp314t-musllinux_1_2_ppc64le.whl", hash = "sha256:b2a095d45c5d46e5e79ba1e5b9cb787f541a8dee0433836cea4b96a2c439dcd8", size = 289470, upload-time = "2025-10-06T05:37:47.946Z" },
    { url = "https://files.pythonhosted.org/packages/ac/83/dca6dc53bf657d371fbc88ddeb21b79891e747189c5de990b9dfff2ccba1/frozenlist-1.8.0-cp314-cp314t-musllinux_1_2_s390x.whl", hash = "sha256:eab8145831a0d56ec9c4139b6c3e594c7a83c2c8be25d5bcf2d86136a532287a", size = 289042, upload-time = "2025-10-06T05:37:49.499Z" },
    { url = "https://files.pythonhosted.org/packages/96/52/abddd34ca99be142f354398700536c5bd315880ed0a213812bc491cff5e4/frozenlist-1.8.0-cp314-cp314t-musllinux_1_2_x86_64.whl", hash = "sha256:974b28cf63cc99dfb2188d8d222bc6843656188164848c4f679e63dae4b0708e", size = 283148, upload-time = "2025-10-06T05:37:50.745Z" },
    { url = "https://files.pythonhosted.org/packages/af/d3/76bd4ed4317e7119c2b7f57c3f6934aba26d277acc6309f873341640e21f/frozenlist-1.8.0-cp314-cp314t-win32.whl", hash = "sha256:342c97bf697ac5480c0a7ec73cd700ecfa5a8a40ac923bd035484616efecc2df", size = 44676, upload-time = "2025-10-06T05:37:52.222Z" },
    { url = "https://files.pythonhosted.org/packages/89/76/c615883b7b521ead2944bb3480398cbb07e12b7b4e4d073d3752eb721558/frozenlist-1.8.0-cp314-cp314t-win_amd64.whl", hash = "sha256:06be8f67f39c8b1dc671f5d83aaefd3358ae5cdcf8314552c57e7ed3e6475bdd", size = 49451, upload-time = "2025-10-06T05:37:53.425Z" },
    { url = "https://files.pythonhosted.org/packages/e0/a3/5982da14e113d07b325230f95060e2169f5311b1017ea8af2a29b374c289/frozenlist-1.8.0-cp314-cp314t-win_arm64.whl", hash = "sha256:102e6314ca4da683dca92e3b1355490fed5f313b768500084fbe6371fddfdb79", size = 42507, upload-time = "2025-10-06T05:37:54.513Z" },
    { url = "https://files.pythonhosted.org/packages/9a/9a/e35b4a917281c0b8419d4207f4334c8e8c5dbf4f3f5f9ada73958d937dcc/frozenlist-1.8.0-py3-none-any.whl", hash = "sha256:0c18a16eab41e82c295618a77502e17b195883241c563b00f0aa5106fc4eaa0d", size = 13409, upload-time = "2025-10-06T05:38:16.721Z" },
]

[[package]]
name = "pypst"
version = "0.7.0"
source = { registry = "https://pypi.org/simple" }
dependencies = [
    { name = "frozendict" },
    { name = "frozenlist" },
]
sdist = { url = "https://files.pythonhosted.org/packages/87/65/b5e29dff4d7f9c629c82d676ff03916721b33498f6f6a3133bf6bff75e9c/pypst-0.7.0.tar.gz", hash = "sha256:68ebb8d122d30931c65d030353b5a4de5413156ece2d36dec8ee066df74dc3ed", size = 19106, upload-time = "2025-09-25T18:49:35.46Z" }
wheels = [
    { url = "https://files.pythonhosted.org/packages/0f/3f/10ba9b9c7eb83ddb360c24b783d4daa653aa5aa1fe9630b869e4a37bcfdb/pypst-0.7.0-py3-none-any.whl", hash = "sha256:c1173243c9ec489c5896109be896b3da02493b67e785388677ca8b09e907125c", size = 22443, upload-time = "2025-09-25T18:49:34.609Z" },
]

[[package]]
name = "typst"
version = "0.14.5"
source = { registry = "https://pypi.org/simple" }
sdist = { url = "https://files.pythonhosted.org/packages/e2/fd/96a9678495a8ed65e3735ac72aac5d435392bf639b58376c1c96e1024974/typst-0.14.5.tar.gz", hash = "sha256:3ea60fdb933f3332c65935d6f637a5582ba238bd6ce6eed0dc1b03d84baf3f4a", size = 57753, upload-time = "2025-12-22T13:55:44.673Z" }
wheels = [
    { url = "https://files.pythonhosted.org/packages/f5/ef/72171b89311ec9b9c53c2f904dcbf91a581bc115848ab6191e1fd1c57568/typst-0.14.5-cp313-cp313t-macosx_10_12_x86_64.whl", hash = "sha256:be6e612aabe8fdab4e591786dd2f86105a795ae7d1901023bed4b7f505ff6709", size = 22839749, upload-time = "2025-12-22T13:54:59.909Z" },
    { url = "https://files.pythonhosted.org/packages/96/2b/385e10465d63e4960ea539eccc128f1e629c079e7a7abf8f61053a29fc48/typst-0.14.5-cp313-cp313t-macosx_11_0_arm64.whl", hash = "sha256:55856bb5882eef216b032b05261f4121369046e8283987cb9cd916e4f2df4af4", size = 22594831, upload-time = "2025-12-22T13:55:02.296Z" },
    { url = "https://files.pythonhosted.org/packages/4d/73/c4e657d50cd718dd62ebcf0155c22dd53648186d39fba2fa209aa451bba3/typst-0.14.5-cp313-cp313t-manylinux_2_17_aarch64.manylinux2014_aarch64.whl", hash = "sha256:aea426072a647dbb673f9bf6d19359a09c769d0faf51e208973f1494c381cccc", size = 26845545, upload-time = "2025-12-22T13:55:04.81Z" },
    { url = "https://files.pythonhosted.org/packages/9e/cd/2a032e2dd96fcdb8742dfcd152ae63f78f1b689e9d2cbeb4ca71b256c8a3/typst-0.14.5-cp313-cp313t-manylinux_2_17_armv7l.manylinux2014_armv7l.whl", hash = "sha256:4fd523b68b36afbaccc2f4550d2e99f1929f27d312537facf24a490caf0d446a", size = 26416037, upload-time = "2025-12-22T13:55:12.452Z" },
    { url = "https://files.pythonhosted.org/packages/ad/c8/3174e810a2c87045ac590dcc4175e7a22ab72761e3942b0f8f65a4c11c1a/typst-0.14.5-cp313-cp313t-manylinux_2_17_ppc64le.manylinux2014_ppc64le.whl", hash = "sha256:548f1f7fbf5b9f4845047a47667b2330d0348fd340151aaf94d3bdcae9727e60", size = 28454042, upload-time = "2025-12-22T13:55:15.235Z" },
    { url = "https://files.pythonhosted.org/packages/5f/0c/a0e750b018724f16006386cb69cd0697a515cd3aed9872fac85fd99d80f7/typst-0.14.5-cp313-cp313t-manylinux_2_17_s390x.manylinux2014_s390x.whl", hash = "sha256:bfd7e3fc33b9c16af6158149992dc9d5b991e900aedbd75e58a84e828783f3db", size = 26936860, upload-time = "2025-12-22T13:55:17.864Z" },
    { url = "https://files.pythonhosted.org/packages/26/db/14cc430e05b5f2627a74b6ab24440e41c1460dda6649a48890f91342b637/typst-0.14.5-cp313-cp313t-manylinux_2_17_x86_64.manylinux2014_x86_64.whl", hash = "sha256:263c57ec9942f68ccbc711447810833f2d1833b3eaf1794009fd63b383c1c55a", size = 25990747, upload-time = "2025-12-22T13:55:20.058Z" },
    { url = "https://files.pythonhosted.org/packages/29/47/d6a31a78858d9f065848607796c201d8a327b279cd6a68096224bff931da/typst-0.14.5-cp313-cp313t-win_amd64.whl", hash = "sha256:c188955e71766843c936290208067c3fe4c3ceea2a1dddaa8ff8f1099ceb2e5f", size = 21448452, upload-time = "2025-12-22T13:55:22.741Z" },
    { url = "https://files.pythonhosted.org/packages/9c/92/495a1a46210f56619fdd3742002730de84c0c90159b25e64683d6738fbd9/typst-0.14.5-cp38-abi3-macosx_10_12_x86_64.whl", hash = "sha256:ae493a8467f6ce154e1823f80ca9180b86eef0abb5b6888d35d47b889a977289", size = 22844468, upload-time = "2025-12-22T13:55:25.455Z" },
    { url = "https://files.pythonhosted.org/packages/4c/81/3c38afa9b3663c61bd7066eec1871d5a0acddc063dd6a97c390609d13271/typst-0.14.5-cp38-abi3-macosx_11_0_arm64.whl", hash = "sha256:eb29520cb534257c1ff41a507cdb649910e6bd7b9a7ca8692780ff0f0b107fd3", size = 22598105, upload-time = "2025-12-22T13:55:27.897Z" },
    { url = "https://files.pythonhosted.org/packages/6c/dd/ed55f85e9b3cf56371839ad8ce4c0d188c728a848c7dd44ef41699c0b7f1/typst-0.14.5-cp38-abi3-manylinux_2_17_aarch64.manylinux2014_aarch64.whl", hash = "sha256:e7cfbbba3dea1b712e54113f706cfec8db623fa96cbcfd83c85ae05dccb89cdc", size = 26866393, upload-time = "2025-12-22T13:55:30.183Z" },
    { url = "https://files.pythonhosted.org/packages/70/96/7f43946ce195ebf685c861aae925a1cde0b4d93b984a86eadf27e07e6f24/typst-0.14.5-cp38-abi3-manylinux_2_17_armv7l.manylinux2014_armv7l.whl", hash = "sha256:af8c2cc00d42b22dee2d04fec3e3830cdd3f4ae93527b8ba3afb8d237cc62f53", size = 26450955, upload-time = "2025-12-22T13:55:32.709Z" },
    { url = "https://files.pythonhosted.org/packages/2f/7a/093dc1cf03a596c41bb521e5aaad7f6e88f7c05e2cf0d8c8103089cba74f/typst-0.14.5-cp38-abi3-manylinux_2_17_ppc64le.manylinux2014_ppc64le.whl", hash = "sha256:57abeceef17190b75b771c3830ec9861b53d9eded8f6779cae5ac3f25ed639a5", size = 28460960, upload-time = "2025-12-22T13:55:35.214Z" },
    { url = "https://files.pythonhosted.org/packages/35/42/40d0a58a59db5b15268675d959c42ed77e47276e295352dbf4e51e8e38e8/typst-0.14.5-cp38-abi3-manylinux_2_17_s390x.manylinux2014_s390x.whl", hash = "sha256:e8aaee4839fef310af290d9da50b0a539745bbe5a43dfc31bf4fbdd9da98308b", size = 26949868, upload-time = "2025-12-22T13:55:37.604Z" },
    { url = "https://files.pythonhosted.org/packages/ee/4f/5fe3f0d9d50e54a3709f0cf0b008139871438749ad5a57b444797d26d86f/typst-0.14.5-cp38-abi3-manylinux_2_17_x86_64.manylinux2014_x86_64.whl", hash = "sha256:6f0ea5e21770fe270bcbe1c9f391018fb5f5bf181590cf1843236be87c2fff5c", size = 25996231, upload-time = "2025-12-22T13:55:39.998Z" },
    { url = "https://files.pythonhosted.org/packages/52/91/c0149d957769aea79f9b885195c2e83fde23636bab47458acd4def716835/typst-0.14.5-cp38-abi3-win_amd64.whl", hash = "sha256:9ec1f4233637fa8e44d1f8cd20ef7c7c29db688060a9acb2b76ab2f9dd327ba5", size = 21453901, upload-time = "2025-12-22T13:55:42.572Z" },
]
